
Microsoft Visual Studio Solution File, Format Version 12.00
# Visual Studio Version 17
VisualStudioVersion = 17.0.32014.148
MinimumVisualStudioVersion = 10.0.40219.1
Project("{FAE04EC0-301F-11D3-BF4B-00C04F79EFBC}") = "DutchTreat", "DutchTreat.csproj", "{5663BC78-210D-4C96-A93D-03D79A96CFC8}"
EndProject
Global
	GlobalSection(SolutionConfigurationPlatforms) = preSolution
		Debug|Any CPU = Debug|Any CPU
		Release|Any CPU = Release|Any CPU
	EndGlobalSection
	GlobalSection(ProjectConfigurationPlatforms) = postSolution
		{5663BC78-210D-4C96-A93D-03D79A96CFC8}.Debug|Any CPU.ActiveCfg = Debug|Any CPU
		{5663BC78-210D-4C96-A93D-03D79A96CFC8}.Debug|Any CPU.Build.0 = Debug|Any CPU
		{5663BC78-210D-4C96-A93D-03D79A96CFC8}.Release|Any CPU.ActiveCfg = Release|Any CPU
		{5663BC78-210D-4C96-A93D-03D79A96CFC8}.Release|Any CPU.Build.0 = Release|Any CPU
	EndGlobalSection
	GlobalSection(SolutionProperties) = preSolution
		HideSolutionNode = FALSE
	EndGlobalSection
	GlobalSection(ExtensibilityGlobals) = postSolution
		SolutionGuid = {7EB8C8E8-DD52-4D40-8F38-C91EB6E56E21}
	EndGlobalSection
EndGlobal
